
Microsoft Visual Studio Solution File, Format Version 12.00
# Visual Studio Version 17
VisualStudioVersion = 17.11.35327.3
MinimumVisualStudioVersion = 10.0.40219.1
Project("{FAE04EC0-301F-11D3-BF4B-00C04F79EFBC}") = "jsontosql", "jsontosql.csproj", "{7564BA46-9B38-41E2-9A46-25B463145008}"
EndProject
Global
	GlobalSection(SolutionConfigurationPlatforms) = preSolution
		Debug|Any CPU = Debug|Any CPU
		Release|Any CPU = Release|Any CPU
	EndGlobalSection
	GlobalSection(ProjectConfigurationPlatforms) = postSolution
		{7564BA46-9B38-41E2-9A46-25B463145008}.Debug|Any CPU.ActiveCfg = Debug|Any CPU
		{7564BA46-9B38-41E2-9A46-25B463145008}.Debug|Any CPU.Build.0 = Debug|Any CPU
		{7564BA46-9B38-41E2-9A46-25B463145008}.Release|Any CPU.ActiveCfg = Release|Any CPU
		{7564BA46-9B38-41E2-9A46-25B463145008}.Release|Any CPU.Build.0 = Release|Any CPU
	EndGlobalSection
	GlobalSection(SolutionProperties) = preSolution
		HideSolutionNode = FALSE
	EndGlobalSection
	GlobalSection(ExtensibilityGlobals) = postSolution
		SolutionGuid = {109E4C1F-506D-4169-AFB7-E7D4B52168F5}
	EndGlobalSection
EndGlobal
